// !$*UTF8*$!
{
	archiveVersion = 1;
	classes = {
	};
	objectVersion = 46;
	objects = {

/* Begin PBXBuildFile section */
		DB0140841EB2AC50008083BA /* main.m in Sources */ = {isa = PBXBuildFile; fileRef = DB0140831EB2AC50008083BA /* main.m */; };
		DB0140871EB2AC50008083BA /* AppDelegate.m in Sources */ = {isa = PBXBuildFile; fileRef = DB0140861EB2AC50008083BA /* AppDelegate.m */; };
		DB01408A1EB2AC50008083BA /* ViewController.m in Sources */ = {isa = PBXBuildFile; fileRef = DB0140891EB2AC50008083BA /* ViewController.m */; };
		DB01408D1EB2AC50008083BA /* Main.storyboard in Resources */ = {isa = PBXBuildFile; fileRef = DB01408B1EB2AC50008083BA /* Main.storyboard */; };
		DB01408F1EB2AC50008083BA /* Assets.xcassets in Resources */ = {isa = PBXBuildFile; fileRef = DB01408E1EB2AC50008083BA /* Assets.xcassets */; };
		DB0140921EB2AC50008083BA /* LaunchScreen.storyboard in Resources */ = {isa = PBXBuildFile; fileRef = DB0140901EB2AC50008083BA /* LaunchScreen.storyboard */; };
/* End PBXBuildFile section */

/* Begin PBXFileReference section */
		DB01407F1EB2AC50008083BA /* LiteWebOS.app */ = {isa = PBXFileReference; explicitFileType = wrapper.application; includeInIndex = 0; path = LiteWebOS.app; sourceTree = BUILT_PRODUCTS_DIR; };
		DB0140831EB2AC50008083BA /* main.m */ = {isa = PBXFileReference; lastKnownFileType = sourcecode.c.objc; path = main.m; sourceTree = "<group>"; };
		DB0140851EB2AC50008083BA /* AppDelegate.h */ = {isa = PBXFileReference; lastKnownFileType = sourcecode.c.h; path = AppDelegate.h; sourceTree = "<group>"; };
		DB0140861EB2AC50008083BA /* AppDelegate.m */ = {isa = PBXFileReference; lastKnownFileType = sourcecode.c.objc; path = AppDelegate.m; sourceTree = "<group>"; };
		DB0140881EB2AC50008083BA /* ViewController.h */ = {isa = PBXFileReference; lastKnownFileType = sourcecode.c.h; path = ViewController.h; sourceTree = "<group>"; };
		DB0140891EB2AC50008083BA /* ViewController.m */ = {isa = PBXFileReference; lastKnownFileType = sourcecode.c.objc; path = ViewController.m; sourceTree = "<group>"; };
		DB01408C1EB2AC50008083BA /* Base */ = {isa = PBXFileReference; lastKnownFileType = file.storyboard; name = Base; path = Base.lproj/Main.storyboard; sourceTree = "<group>"; };
		DB01408E1EB2AC50008083BA /* Assets.xcassets */ = {isa = PBXFileReference; lastKnownFileType = folder.assetcatalog; path = Assets.xcassets; sourceTree = "<group>"; };
		DB0140911EB2AC50008083BA /* Base */ = {isa = PBXFileReference; lastKnownFileType = file.storyboard; name = Base; path = Base.lproj/LaunchScreen.storyboard; sourceTree = "<group>"; };
		DB0140931EB2AC50008083BA /* Info.plist */ = {isa = PBXFileReference; lastKnownFileType = text.plist.xml; path = Info.plist; sourceTree = "<group>"; };
/* End PBXFileReference section */

/* Begin PBXFrameworksBuildPhase section */
		DB01407C1EB2AC50008083BA /* Frameworks */ = {
			isa = PBXFrameworksBuildPhase;
			buildActionMask = 2147483647;
			files = (
			);
			runOnlyForDeploymentPostprocessing = 0;
		};
/* End PBXFrameworksBuildPhase section */

/* Begin PBXGroup section */
		DB0140761EB2AC50008083BA = {
			isa = PBXGroup;
			children = (
				DB0140811EB2AC50008083BA /* LiteWebOS */,
				DB0140801EB2AC50008083BA /* Products */,
			);
			sourceTree = "<group>";
		};
		DB0140801EB2AC50008083BA /* Products */ = {
			isa = PBXGroup;
			children = (
				DB01407F1EB2AC50008083BA /* LiteWebOS.app */,
			);
			name = Products;
			sourceTree = "<group>";
		};
		DB0140811EB2AC50008083BA /* LiteWebOS */ = {
			isa = PBXGroup;
			children = (
				DB0140851EB2AC50008083BA /* AppDelegate.h */,
				DB0140861EB2AC50008083BA /* AppDelegate.m */,
				DB0140881EB2AC50008083BA /* ViewController.h */,
				DB0140891EB2AC50008083BA /* ViewController.m */,
				DB01408B1EB2AC50008083BA /* Main.storyboard */,
				DB01408E1EB2AC50008083BA /* Assets.xcassets */,
				DB0140901EB2AC50008083BA /* LaunchScreen.storyboard */,
				DB0140931EB2AC50008083BA /* Info.plist */,
				DB0140821EB2AC50008083BA /* Supporting Files */,
			);
			path = LiteWebOS;
			sourceTree = "<group>";
		};
		DB0140821EB2AC50008083BA /* Supporting Files */ = {
			isa = PBXGroup;
			children = (
				DB0140831EB2AC50008083BA /* main.m */,
			);
			name = "Supporting Files";
			sourceTree = "<group>";
		};
/* End PBXGroup section */

/* Begin PBXNativeTarget section */
		DB01407E1EB2AC50008083BA /* LiteWebOS */ = {
			isa = PBXNativeTarget;
			buildConfigurationList = DB0140961EB2AC50008083BA /* Build configuration list for PBXNativeTarget "LiteWebOS" */;
			buildPhases = (
				DB01407B1EB2AC50008083BA /* Sources */,
				DB01407C1EB2AC50008083BA /* Frameworks */,
				DB01407D1EB2AC50008083BA /* Resources */,
			);
			buildRules = (
			);
			dependencies = (
			);
			name = LiteWebOS;
			productName = LiteWebOS;
			productReference = DB01407F1EB2AC50008083BA /* LiteWebOS.app */;
			productType = "com.apple.product-type.application";
		};
/* End PBXNativeTarget section */

/* Begin PBXProject section */
		DB0140771EB2AC50008083BA /* Project object */ = {
			isa = PBXProject;
			attributes = {
				LastUpgradeCheck = 0830;
				ORGANIZATIONNAME = "Zhang,Dong(MMS)";
				TargetAttributes = {
					DB01407E1EB2AC50008083BA = {
						CreatedOnToolsVersion = 8.3.1;
						ProvisioningStyle = Manual;
					};
				};
			};
			buildConfigurationList = DB01407A1EB2AC50008083BA /* Build configuration list for PBXProject "LiteWebOS" */;
			compatibilityVersion = "Xcode 3.2";
			developmentRegion = English;
			hasScannedForEncodings = 0;
			knownRegions = (
				en,
				Base,
			);
			mainGroup = DB0140761EB2AC50008083BA;
			productRefGroup = DB0140801EB2AC50008083BA /* Products */;
			projectDirPath = "";
			projectRoot = "";
			targets = (
				DB01407E1EB2AC50008083BA /* LiteWebOS */,
			);
		};
/* End PBXProject section */

/* Begin PBXResourcesBuildPhase section */
		DB01407D1EB2AC50008083BA /* Resources */ = {
			isa = PBXResourcesBuildPhase;
			buildActionMask = 2147483647;
			files = (
				DB0140921EB2AC50008083BA /* LaunchScreen.storyboard in Resources */,
				DB01408F1EB2AC50008083BA /* Assets.xcassets in Resources */,
				DB01408D1EB2AC50008083BA /* Main.storyboard in Resources */,
			);
			runOnlyForDeploymentPostprocessing = 0;
		};
/* End PBXResourcesBuildPhase section */

/* Begin PBXSourcesBuildPhase section */
		DB01407B1EB2AC50008083BA /* Sources */ = {
			isa = PBXSourcesBuildPhase;
			buildActionMask = 2147483647;
			files = (
				DB01408A1EB2AC50008083BA /* ViewController.m in Sources */,
				DB0140871EB2AC50008083BA /* AppDelegate.m in Sources */,
				DB0140841EB2AC50008083BA /* main.m in Sources */,
			);
			runOnlyForDeploymentPostprocessing = 0;
		};
/* End PBXSourcesBuildPhase section */

/* Begin PBXVariantGroup section */
		DB01408B1EB2AC50008083BA /* Main.storyboard */ = {
			isa = PBXVariantGroup;
			children = (
				DB01408C1EB2AC50008083BA /* Base */,
			);
			name = Main.storyboard;
			sourceTree = "<group>";
		};
		DB0140901EB2AC50008083BA /* LaunchScreen.storyboard */ = {
			isa = PBXVariantGroup;
			children = (
				DB0140911EB2AC50008083BA /* Base */,
			);
			name = LaunchScreen.storyboard;
			sourceTree = "<group>";
		};
/* End PBXVariantGroup section */

/* Begin XCBuildConfiguration section */
		DB0140941EB2AC50008083BA /* Debug */ = {
			isa = XCBuildConfiguration;
			buildSettings = {
				ALWAYS_SEARCH_USER_PATHS = NO;
				CLANG_ANALYZER_NONNULL = YES;
				CLANG_ANALYZER_NUMBER_OBJECT_CONVERSION = YES_AGGRESSIVE;
				CLANG_CXX_LANGUAGE_STANDARD = "gnu++0x";
				CLANG_CXX_LIBRARY = "libc++";
				CLANG_ENABLE_MODULES = YES;
				CLANG_ENABLE_OBJC_ARC = YES;
				CLANG_WARN_BOOL_CONVERSION = YES;
				CLANG_WARN_CONSTANT_CONVERSION = YES;
				CLANG_WARN_DIRECT_OBJC_ISA_USAGE = YES_ERROR;
				CLANG_WARN_DOCUMENTATION_COMMENTS = YES;
				CLANG_WARN_EMPTY_BODY = YES;
				CLANG_WARN_ENUM_CONVERSION = YES;
				CLANG_WARN_INFINITE_RECURSION = YES;
				CLANG_WARN_INT_CONVERSION = YES;
				CLANG_WARN_OBJC_ROOT_CLASS = YES_ERROR;
				CLANG_WARN_SUSPICIOUS_MOVE = YES;
				CLANG_WARN_UNREACHABLE_CODE = YES;
				CLANG_WARN__DUPLICATE_METHOD_MATCH = YES;
				"CODE_SIGN_IDENTITY[sdk=iphoneos*]" = "iPhone Developer";
				COPY_PHASE_STRIP = NO;
				DEBUG_INFORMATION_FORMAT = dwarf;
				ENABLE_STRICT_OBJC_MSGSEND = YES;
				ENABLE_TESTABILITY = YES;
				GCC_C_LANGUAGE_STANDARD = gnu99;
				GCC_DYNAMIC_NO_PIC = NO;
				GCC_NO_COMMON_BLOCKS = YES;
				GCC_OPTIMIZATION_LEVEL = 0;
				GCC_PREPROCESSOR_DEFINITIONS = (
					"DEBUG=1",
					"$(inherited)",
				);
				GCC_WARN_64_TO_32_BIT_CONVERSION = YES;
				GCC_WARN_ABOUT_RETURN_TYPE = YES_ERROR;
				GCC_WARN_UNDECLARED_SELECTOR = YES;
				GCC_WARN_UNINITIALIZED_AUTOS = YES_AGGRESSIVE;
				GCC_WARN_UNUSED_FUNCTION = YES;
				GCC_WARN_UNUSED_VARIABLE = YES;
				IPHONEOS_DEPLOYMENT_TARGET = 10.3;
				MTL_ENABLE_DEBUG_INFO = YES;
				ONLY_ACTIVE_ARCH = YES;
				SDKROOT = iphoneos;
			};
			name = Debug;
		};
		DB0140951EB2AC50008083BA /* Release */ = {
			isa = XCBuildConfiguration;
			buildSettings = {
				ALWAYS_SEARCH_USER_PATHS = NO;
				CLANG_ANALYZER_NONNULL = YES;
				CLANG_ANALYZER_NUMBER_OBJECT_CONVERSION = YES_AGGRESSIVE;
				CLANG_CXX_LANGUAGE_STANDARD = "gnu++0x";
				CLANG_CXX_LIBRARY = "libc++";
				CLANG_ENABLE_MODULES = YES;
				CLANG_ENABLE_OBJC_ARC = YES;
				CLANG_WARN_BOOL_CONVERSION = YES;
				CLANG_WARN_CONSTANT_CONVERSION = YES;
				CLANG_WARN_DIRECT_OBJC_ISA_USAGE = YES_ERROR;
				CLANG_WARN_DOCUMENTATION_COMMENTS = YES;
				CLANG_WARN_EMPTY_BODY = YES;
				CLANG_WARN_ENUM_CONVERSION = YES;
				CLANG_WARN_INFINITE_RECURSION = YES;
				CLANG_WARN_INT_CONVERSION = YES;
				CLANG_WARN_OBJC_ROOT_CLASS = YES_ERROR;
				CLANG_WARN_SUSPICIOUS_MOVE = YES;
				CLANG_WARN_UNREACHABLE_CODE = YES;
				CLANG_WARN__DUPLICATE_METHOD_MATCH = YES;
				"CODE_SIGN_IDENTITY[sdk=iphoneos*]" = "iPhone Developer";
				COPY_PHASE_STRIP = NO;
				DEBUG_INFORMATION_FORMAT = "dwarf-with-dsym";
				ENABLE_NS_ASSERTIONS = NO;
				ENABLE_STRICT_OBJC_MSGSEND = YES;
				GCC_C_LANGUAGE_STANDARD = gnu99;
				GCC_NO_COMMON_BLOCKS = YES;
				GCC_WARN_64_TO_32_BIT_CONVERSION = YES;
				GCC_WARN_ABOUT_RETURN_TYPE = YES_ERROR;
				GCC_WARN_UNDECLARED_SELECTOR = YES;
				GCC_WARN_UNINITIALIZED_AUTOS = YES_AGGRESSIVE;
				GCC_WARN_UNUSED_FUNCTION = YES;
				GCC_WARN_UNUSED_VARIABLE = YES;
				IPHONEOS_DEPLOYMENT_TARGET = 10.3;
				MTL_ENABLE_DEBUG_INFO = NO;
				SDKROOT = iphoneos;
				VALIDATE_PRODUCT = YES;
			};
			name = Release;
		};
		DB0140971EB2AC50008083BA /* Debug */ = {
			isa = XCBuildConfiguration;
			buildSettings = {
				ASSETCATALOG_COMPILER_APPICON_NAME = AppIcon;
				DEVELOPMENT_TEAM = "";
				INFOPLIST_FILE = LiteWebOS/Info.plist;
				LD_RUNPATH_SEARCH_PATHS = "$(inherited) @executable_path/Frameworks";
				PRODUCT_BUNDLE_IDENTIFIER = com.baidu.mms.qa;
				PRODUCT_NAME = "$(TARGET_NAME)";
				PROVISIONING_PROFILE_SPECIFIER = "";
			};
			name = Debug;
		};
		DB0140981EB2AC50008083BA /* Release */ = {
			isa = XCBuildConfiguration;
			buildSettings = {
				ASSETCATALOG_COMPILER_APPICON_NAME = AppIcon;
				"CODE_SIGN_IDENTITY[sdk=iphoneos*]" = "iPhone Distribution";
				DEVELOPMENT_TEAM = 6T9LLJKSM4;
				INFOPLIST_FILE = LiteWebOS/Info.plist;
				LD_RUNPATH_SEARCH_PATHS = "$(inherited) @executable_path/Frameworks";
				PRODUCT_BUNDLE_IDENTIFIER = com.baidu.mms.qa;
				PRODUCT_NAME = "$(TARGET_NAME)";
				PROVISIONING_PROFILE = "d33690d3-109c-458f-bf31-245897d0758f";
				PROVISIONING_PROFILE_SPECIFIER = Distribution_MMS;
			};
			name = Release;
		};
/* End XCBuildConfiguration section */

/* Begin XCConfigurationList section */
		DB01407A1EB2AC50008083BA /* Build configuration list for PBXProject "LiteWebOS" */ = {
			isa = XCConfigurationList;
			buildConfigurations = (
				DB0140941EB2AC50008083BA /* Debug */,
				DB0140951EB2AC50008083BA /* Release */,
			);
			defaultConfigurationIsVisible = 0;
			defaultConfigurationName = Release;
		};
		DB0140961EB2AC50008083BA /* Build configuration list for PBXNativeTarget "LiteWebOS" */ = {
			isa = XCConfigurationList;
			buildConfigurations = (
				DB0140971EB2AC50008083BA /* Debug */,
				DB0140981EB2AC50008083BA /* Release */,
			);
			defaultConfigurationIsVisible = 0;
		};
/* End XCConfigurationList section */
	};
	rootObject = DB0140771EB2AC50008083BA /* Project object */;
}
